
Microsoft Visual Studio Solution File, Format Version 12.00
# Visual Studio Version 16
VisualStudioVersion = 16.0.30002.166
MinimumVisualStudioVersion = 10.0.40219.1
Project("{9A19103F-16F7-4668-BE54-9A1E7A4F7556}") = "OrderFormAcceptanceTests.Objects", "OrderFormAcceptanceTests.Objects\OrderFormAcceptanceTests.Objects.csproj", "{5190B071-05AA-4B66-B2DA-E7FCF63BA0E2}"
EndProject
Project("{9A19103F-16F7-4668-BE54-9A1E7A4F7556}") = "OrderFormAcceptanceTests.TestData", "OrderFormAcceptanceTests.TestData\OrderFormAcceptanceTests.TestData.csproj", "{DF8AC965-D43B-4932-B912-B700D654B15B}"
EndProject
Project("{9A19103F-16F7-4668-BE54-9A1E7A4F7556}") = "OrderFormAcceptanceTests.Actions", "OrderFormAcceptanceTests.Actions\OrderFormAcceptanceTests.Actions.csproj", "{CBD4F496-44AA-44C4-9E84-ED79D2273F32}"
EndProject
Project("{9A19103F-16F7-4668-BE54-9A1E7A4F7556}") = "OrderFormAcceptanceTests.Steps", "OrderFormAcceptanceTests.Steps\OrderFormAcceptanceTests.Steps.csproj", "{BBA8D51D-AF90-4F6D-B6FE-F960CC705C51}"
EndProject
Project("{9A19103F-16F7-4668-BE54-9A1E7A4F7556}") = "OrderFormAcceptanceTests.Tests", "OrderFormAcceptanceTests.Tests\OrderFormAcceptanceTests.Tests.csproj", "{B8698A93-67E3-43F2-9568-DEA4DF518B5E}"
EndProject
Project("{2150E333-8FDC-42A3-9474-1A3956D46DE8}") = "Solution Items", "Solution Items", "{DC7701AF-1A9A-429A-B2DE-941E97E4443A}"
	ProjectSection(SolutionItems) = preProject
		.editorconfig = .editorconfig
	EndProjectSection
EndProject
Project("{FAE04EC0-301F-11D3-BF4B-00C04F79EFBC}") = "OrderFormAcceptanceTests.Domain", "OrderFormAcceptanceTests.Domain\OrderFormAcceptanceTests.Domain.csproj", "{F6914DD3-5233-499A-AEEC-B2455F7E1B0E}"
EndProject
Project("{FAE04EC0-301F-11D3-BF4B-00C04F79EFBC}") = "OrderFormAcceptanceTests.Persistence", "OrderFormAcceptanceTests.Persistence\OrderFormAcceptanceTests.Persistence.csproj", "{8FA9FDCD-2171-4EED-A02D-FAA811F8C7AD}"
EndProject
Global
	GlobalSection(SolutionConfigurationPlatforms) = preSolution
		Debug|Any CPU = Debug|Any CPU
		Release|Any CPU = Release|Any CPU
	EndGlobalSection
	GlobalSection(ProjectConfigurationPlatforms) = postSolution
		{5190B071-05AA-4B66-B2DA-E7FCF63BA0E2}.Debug|Any CPU.ActiveCfg = Debug|Any CPU
		{5190B071-05AA-4B66-B2DA-E7FCF63BA0E2}.Debug|Any CPU.Build.0 = Debug|Any CPU
		{5190B071-05AA-4B66-B2DA-E7FCF63BA0E2}.Release|Any CPU.ActiveCfg = Release|Any CPU
		{5190B071-05AA-4B66-B2DA-E7FCF63BA0E2}.Release|Any CPU.Build.0 = Release|Any CPU
		{DF8AC965-D43B-4932-B912-B700D654B15B}.Debug|Any CPU.ActiveCfg = Debug|Any CPU
		{DF8AC965-D43B-4932-B912-B700D654B15B}.Debug|Any CPU.Build.0 = Debug|Any CPU
		{DF8AC965-D43B-4932-B912-B700D654B15B}.Release|Any CPU.ActiveCfg = Release|Any CPU
		{DF8AC965-D43B-4932-B912-B700D654B15B}.Release|Any CPU.Build.0 = Release|Any CPU
		{CBD4F496-44AA-44C4-9E84-ED79D2273F32}.Debug|Any CPU.ActiveCfg = Debug|Any CPU
		{CBD4F496-44AA-44C4-9E84-ED79D2273F32}.Debug|Any CPU.Build.0 = Debug|Any CPU
		{CBD4F496-44AA-44C4-9E84-ED79D2273F32}.Release|Any CPU.ActiveCfg = Release|Any CPU
		{CBD4F496-44AA-44C4-9E84-ED79D2273F32}.Release|Any CPU.Build.0 = Release|Any CPU
		{BBA8D51D-AF90-4F6D-B6FE-F960CC705C51}.Debug|Any CPU.ActiveCfg = Debug|Any CPU
		{BBA8D51D-AF90-4F6D-B6FE-F960CC705C51}.Debug|Any CPU.Build.0 = Debug|Any CPU
		{BBA8D51D-AF90-4F6D-B6FE-F960CC705C51}.Release|Any CPU.ActiveCfg = Release|Any CPU
		{BBA8D51D-AF90-4F6D-B6FE-F960CC705C51}.Release|Any CPU.Build.0 = Release|Any CPU
		{B8698A93-67E3-43F2-9568-DEA4DF518B5E}.Debug|Any CPU.ActiveCfg = Debug|Any CPU
		{B8698A93-67E3-43F2-9568-DEA4DF518B5E}.Debug|Any CPU.Build.0 = Debug|Any CPU
		{B8698A93-67E3-43F2-9568-DEA4DF518B5E}.Release|Any CPU.ActiveCfg = Release|Any CPU
		{B8698A93-67E3-43F2-9568-DEA4DF518B5E}.Release|Any CPU.Build.0 = Release|Any CPU
		{F6914DD3-5233-499A-AEEC-B2455F7E1B0E}.Debug|Any CPU.ActiveCfg = Debug|Any CPU
		{F6914DD3-5233-499A-AEEC-B2455F7E1B0E}.Debug|Any CPU.Build.0 = Debug|Any CPU
		{F6914DD3-5233-499A-AEEC-B2455F7E1B0E}.Release|Any CPU.ActiveCfg = Release|Any CPU
		{F6914DD3-5233-499A-AEEC-B2455F7E1B0E}.Release|Any CPU.Build.0 = Release|Any CPU
		{8FA9FDCD-2171-4EED-A02D-FAA811F8C7AD}.Debug|Any CPU.ActiveCfg = Debug|Any CPU
		{8FA9FDCD-2171-4EED-A02D-FAA811F8C7AD}.Debug|Any CPU.Build.0 = Debug|Any CPU
		{8FA9FDCD-2171-4EED-A02D-FAA811F8C7AD}.Release|Any CPU.ActiveCfg = Release|Any CPU
		{8FA9FDCD-2171-4EED-A02D-FAA811F8C7AD}.Release|Any CPU.Build.0 = Release|Any CPU
	EndGlobalSection
	GlobalSection(SolutionProperties) = preSolution
		HideSolutionNode = FALSE
	EndGlobalSection
	GlobalSection(ExtensibilityGlobals) = postSolution
		SolutionGuid = {0B325071-0A04-4E01-B0FD-93C85F482C9D}
	EndGlobalSection
EndGlobal
